
Microsoft Visual Studio Solution File, Format Version 12.00
# Visual Studio 15
VisualStudioVersion = 15.0.27130.2020
MinimumVisualStudioVersion = 10.0.40219.1
Project("{9A19103F-16F7-4668-BE54-9A1E7A4F7556}") = "SingletonCSharp", "SingletonCSharp\SingletonCSharp.csproj", "{59E29142-7ED9-46F6-BAB8-4C4C3DADC3ED}"
EndProject
Project("{F2A71F9B-5D33-465A-A702-920D77279786}") = "SingletonFsharp", "SingletonFsharp\SingletonFsharp.fsproj", "{FE9CB38A-72B1-47B8-876A-EC8A4619F18E}"
EndProject
Global
	GlobalSection(SolutionConfigurationPlatforms) = preSolution
		Debug|Any CPU = Debug|Any CPU
		Release|Any CPU = Release|Any CPU
	EndGlobalSection
	GlobalSection(ProjectConfigurationPlatforms) = postSolution
		{59E29142-7ED9-46F6-BAB8-4C4C3DADC3ED}.Debug|Any CPU.ActiveCfg = Debug|Any CPU
		{59E29142-7ED9-46F6-BAB8-4C4C3DADC3ED}.Debug|Any CPU.Build.0 = Debug|Any CPU
		{59E29142-7ED9-46F6-BAB8-4C4C3DADC3ED}.Release|Any CPU.ActiveCfg = Release|Any CPU
		{59E29142-7ED9-46F6-BAB8-4C4C3DADC3ED}.Release|Any CPU.Build.0 = Release|Any CPU
		{FE9CB38A-72B1-47B8-876A-EC8A4619F18E}.Debug|Any CPU.ActiveCfg = Debug|Any CPU
		{FE9CB38A-72B1-47B8-876A-EC8A4619F18E}.Debug|Any CPU.Build.0 = Debug|Any CPU
		{FE9CB38A-72B1-47B8-876A-EC8A4619F18E}.Release|Any CPU.ActiveCfg = Release|Any CPU
		{FE9CB38A-72B1-47B8-876A-EC8A4619F18E}.Release|Any CPU.Build.0 = Release|Any CPU
	EndGlobalSection
	GlobalSection(SolutionProperties) = preSolution
		HideSolutionNode = FALSE
	EndGlobalSection
	GlobalSection(ExtensibilityGlobals) = postSolution
		SolutionGuid = {C4EBBD8A-0D77-4EBC-A163-003A469F47A6}
	EndGlobalSection
EndGlobal
